<?xml version="1.0" encoding="utf-8"?>
<Project ToolsVersion="4.0" xmlns:atg="http://atg.xbox.com" xmlns="http://schemas.microsoft.com/developer/msbuild/2003">
  <ItemGroup>
    <Filter Include="Resource Files">
      <UniqueIdentifier>{8e114980-c1a3-4ada-ad7c-83caadf5daeb}</UniqueIdentifier>
      <Extensions>rc;ico;cur;bmp;dlg;rc2;rct;bin;rgs;gif;jpg;jpeg;jpe</Extensions>
    </Filter>
    <Filter Include="Shaders">
      <UniqueIdentifier>{2c3d4c8c-5d1a-459a-a05a-a4e4b608a44e}</UniqueIdentifier>
      <Extensions>fx;fxh;hlsl</Extensions>
    </Filter>
    <Filter Include="Resource Files\Textures">
      <UniqueIdentifier>{84a4d56f-682d-4b12-a7c9-064cc08bce09}</UniqueIdentifier>
    </Filter>
    <Filter Include=".cpp">
      <UniqueIdentifier>{e54ba626-99aa-47d2-980a-a120374f21d0}</UniqueIdentifier>
    </Filter>
    <Filter Include=".h">
      <UniqueIdentifier>{9d06a4ad-4bcc-4b1f-83fd-35733073f736}</UniqueIdentifier>
    </Filter>
    <Filter Include="ImGui">
      <UniqueIdentifier>{1ff2c2bb-0e22-4c4f-b637-485f455568de}</UniqueIdentifier>
    </Filter>
  </ItemGroup>
  <ItemGroup>
    <ClInclude Include="Vector3.h">
      <Filter>.h</Filter>
    </ClInclude>
    <ClInclude Include="Structures.h">
      <Filter>.h</Filter>
    </ClInclude>
    <ClInclude Include="Transform.h">
      <Filter>.h</Filter>
    </ClInclude>
    <ClInclude Include="RigidBody.h">
      <Filter>.h</Filter>
    </ClInclude>
    <ClInclude Include="Quaternion.h">
      <Filter>.h</Filter>
    </ClInclude>
    <ClInclude Include="Physics.h">
      <Filter>.h</Filter>
    </ClInclude>
    <ClInclude Include="OBJLoader.h">
      <Filter>.h</Filter>
    </ClInclude>
    <ClInclude Include="GameObject.h">
      <Filter>.h</Filter>
    </ClInclude>
    <ClInclude Include="DDSTextureLoader.h">
      <Filter>.h</Filter>
    </ClInclude>
    <ClInclude Include="Camera.h">
      <Filter>.h</Filter>
    </ClInclude>
    <ClInclude Include="Application.h">
      <Filter>.h</Filter>
    </ClInclude>
    <ClInclude Include="Appearance.h">
      <Filter>.h</Filter>
    </ClInclude>
    <ClInclude Include="ImGui\imconfig.h">
      <Filter>ImGui</Filter>
    </ClInclude>
    <ClInclude Include="ImGui\imgui.h">
      <Filter>ImGui</Filter>
    </ClInclude>
    <ClInclude Include="ImGui\imgui_impl_dx11.h">
      <Filter>ImGui</Filter>
    </ClInclude>
    <ClInclude Include="ImGui\imgui_impl_win32.h">
      <Filter>ImGui</Filter>
    </ClInclude>
    <ClInclude Include="ImGui\imgui_internal.h">
      <Filter>ImGui</Filter>
    </ClInclude>
    <ClInclude Include="ImGui\imstb_rectpack.h">
      <Filter>ImGui</Filter>
    </ClInclude>
    <ClInclude Include="ImGui\imstb_textedit.h">
      <Filter>ImGui</Filter>
    </ClInclude>
    <ClInclude Include="ImGui\imstb_truetype.h">
      <Filter>ImGui</Filter>
    </ClInclude>
    <ClInclude Include="MarchingCubes.h">
      <Filter>.h</Filter>
    </ClInclude>
  </ItemGroup>
  <ItemGroup>
    <ClCompile Include="Appearance.cpp">
      <Filter>.cpp</Filter>
    </ClCompile>
    <ClCompile Include="Application.cpp">
      <Filter>.cpp</Filter>
    </ClCompile>
    <ClCompile Include="Camera.cpp">
      <Filter>.cpp</Filter>
    </ClCompile>
    <ClCompile Include="DDSTextureLoader.cpp">
      <Filter>.cpp</Filter>
    </ClCompile>
    <ClCompile Include="OBJLoader.cpp">
      <Filter>.cpp</Filter>
    </ClCompile>
    <ClCompile Include="Main.cpp">
      <Filter>.cpp</Filter>
    </ClCompile>
    <ClCompile Include="Physics.cpp">
      <Filter>.cpp</Filter>
    </ClCompile>
    <ClCompile Include="RigidBody.cpp">
      <Filter>.cpp</Filter>
    </ClCompile>
    <ClCompile Include="Transform.cpp">
      <Filter>.cpp</Filter>
    </ClCompile>
    <ClCompile Include="Vector3.cpp">
      <Filter>.cpp</Filter>
    </ClCompile>
    <ClCompile Include="GameObject.cpp">
      <Filter>.cpp</Filter>
    </ClCompile>
    <ClCompile Include="ImGui\imgui.cpp">
      <Filter>ImGui</Filter>
    </ClCompile>
    <ClCompile Include="ImGui\imgui_draw.cpp">
      <Filter>ImGui</Filter>
    </ClCompile>
    <ClCompile Include="ImGui\imgui_impl_dx11.cpp">
      <Filter>ImGui</Filter>
    </ClCompile>
    <ClCompile Include="ImGui\imgui_impl_win32.cpp">
      <Filter>ImGui</Filter>
    </ClCompile>
    <ClCompile Include="ImGui\imgui_tables.cpp">
      <Filter>ImGui</Filter>
    </ClCompile>
    <ClCompile Include="ImGui\imgui_widgets.cpp">
      <Filter>ImGui</Filter>
    </ClCompile>
    <ClCompile Include="MarchingCubes.cpp">
      <Filter>.cpp</Filter>
    </ClCompile>
  </ItemGroup>
  <ItemGroup>
    <CLInclude Include="resource.h">
      <Filter>Resource Files</Filter>
    </CLInclude>
  </ItemGroup>
  <ItemGroup>
    <ResourceCompile Include="DX11 Framework.rc">
      <Filter>Resource Files</Filter>
    </ResourceCompile>
  </ItemGroup>
  <ItemGroup>
    <FxCompile Include="DX11 Framework.fx">
      <Filter>Shaders</Filter>
    </FxCompile>
  </ItemGroup>
  <ItemGroup>
    <Image Include="Resources\floor.dds">
      <Filter>Resource Files\Textures</Filter>
    </Image>
    <Image Include="Resources\stone.dds">
      <Filter>Resource Files\Textures</Filter>
    </Image>
  </ItemGroup>
</Project>