<?xml version="1.0" encoding="utf-8"?>
<Project ToolsVersion="4.0" xmlns="http://schemas.microsoft.com/developer/msbuild/2003">
  <ItemGroup>
    <FxCompile Include="shader.fx">
      <Filter>Shaders</Filter>
    </FxCompile>
    <FxCompile Include="shader_depth.fx">
      <Filter>Shaders</Filter>
    </FxCompile>
    <FxCompile Include="shaderQuad.fx">
      <Filter>PostProcessing</Filter>
    </FxCompile>
    <FxCompile Include="deffered_shader.fx">
      <Filter>DeferredShading</Filter>
    </FxCompile>
    <FxCompile Include="deffered_shader_light.fx">
      <Filter>DeferredShading</Filter>
    </FxCompile>
    <FxCompile Include="deffered_shader_shadow.fx">
      <Filter>DeferredShading</Filter>
    </FxCompile>
  </ItemGroup>
  <ItemGroup>
    <ClCompile Include="ImGui\imgui.cpp">
      <Filter>ImGui</Filter>
    </ClCompile>
    <ClCompile Include="ImGui\imgui_draw.cpp">
      <Filter>ImGui</Filter>
    </ClCompile>
    <ClCompile Include="ImGui\imgui_impl_dx11.cpp">
      <Filter>ImGui</Filter>
    </ClCompile>
    <ClCompile Include="ImGui\imgui_impl_win32.cpp">
      <Filter>ImGui</Filter>
    </ClCompile>
    <ClCompile Include="ImGui\imgui_tables.cpp">
      <Filter>ImGui</Filter>
    </ClCompile>
    <ClCompile Include="ImGui\imgui_widgets.cpp">
      <Filter>ImGui</Filter>
    </ClCompile>
    <ClCompile Include="ImGui\imgui_demo.cpp">
      <Filter>ImGui</Filter>
    </ClCompile>
    <ClCompile Include="Application.cpp">
      <Filter>.cpp</Filter>
    </ClCompile>
    <ClCompile Include="Camera.cpp">
      <Filter>.cpp</Filter>
    </ClCompile>
    <ClCompile Include="DDSTextureLoader.cpp">
      <Filter>.cpp</Filter>
    </ClCompile>
    <ClCompile Include="Debug.cpp">
      <Filter>.cpp</Filter>
    </ClCompile>
    <ClCompile Include="DrawableGameObject.cpp">
      <Filter>.cpp</Filter>
    </ClCompile>
    <ClCompile Include="Plane.cpp">
      <Filter>.cpp</Filter>
    </ClCompile>
    <ClCompile Include="MarchingCubes.cpp">
      <Filter>.cpp</Filter>
    </ClCompile>
    <ClCompile Include="Physics.cpp">
      <Filter>.cpp</Filter>
    </ClCompile>
    <ClCompile Include="RigidBody.cpp">
      <Filter>.cpp</Filter>
    </ClCompile>
    <ClCompile Include="Vector3.cpp">
      <Filter>.cpp</Filter>
    </ClCompile>
  </ItemGroup>
  <ItemGroup>
    <ClInclude Include="ImGui\imconfig.h">
      <Filter>ImGui</Filter>
    </ClInclude>
    <ClInclude Include="ImGui\imgui.h">
      <Filter>ImGui</Filter>
    </ClInclude>
    <ClInclude Include="ImGui\imgui_impl_dx11.h">
      <Filter>ImGui</Filter>
    </ClInclude>
    <ClInclude Include="ImGui\imgui_impl_win32.h">
      <Filter>ImGui</Filter>
    </ClInclude>
    <ClInclude Include="ImGui\imgui_internal.h">
      <Filter>ImGui</Filter>
    </ClInclude>
    <ClInclude Include="ImGui\imstb_rectpack.h">
      <Filter>ImGui</Filter>
    </ClInclude>
    <ClInclude Include="ImGui\imstb_textedit.h">
      <Filter>ImGui</Filter>
    </ClInclude>
    <ClInclude Include="ImGui\imstb_truetype.h">
      <Filter>ImGui</Filter>
    </ClInclude>
    <ClInclude Include="Application.h">
      <Filter>.h</Filter>
    </ClInclude>
    <ClInclude Include="Camera.h">
      <Filter>.h</Filter>
    </ClInclude>
    <ClInclude Include="DDSTextureLoader.h">
      <Filter>.h</Filter>
    </ClInclude>
    <ClInclude Include="Debug.h">
      <Filter>.h</Filter>
    </ClInclude>
    <CLInclude Include="resource.h">
      <Filter>.h</Filter>
    </CLInclude>
    <ClInclude Include="structures.h">
      <Filter>.h</Filter>
    </ClInclude>
    <ClInclude Include="DrawableGameObject.h">
      <Filter>.h</Filter>
    </ClInclude>
    <ClInclude Include="Plane.h">
      <Filter>.h</Filter>
    </ClInclude>
    <ClInclude Include="MarchingCubes.h">
      <Filter>.h</Filter>
    </ClInclude>
    <ClInclude Include="Physics.h">
      <Filter>.h</Filter>
    </ClInclude>
    <ClInclude Include="RigidBody.h">
      <Filter>.h</Filter>
    </ClInclude>
    <ClInclude Include="Vector3.h">
      <Filter>.h</Filter>
    </ClInclude>
  </ItemGroup>
  <ItemGroup>
    <Image Include="Resources\color.dds">
      <Filter>.dds</Filter>
    </Image>
    <Image Include="Resources\conenormal.dds">
      <Filter>.dds</Filter>
    </Image>
    <Image Include="Resources\displacement.dds">
      <Filter>.dds</Filter>
    </Image>
    <Image Include="Resources\normals.dds">
      <Filter>.dds</Filter>
    </Image>
    <Image Include="Resources\stone.dds">
      <Filter>.dds</Filter>
    </Image>
  </ItemGroup>
  <ItemGroup>
    <Filter Include="ImGui">
      <UniqueIdentifier>{4b60ca32-9489-4994-99ef-22449439d363}</UniqueIdentifier>
    </Filter>
    <Filter Include="Shaders">
      <UniqueIdentifier>{0953f343-2670-46fe-8220-ef19ef72be6d}</UniqueIdentifier>
    </Filter>
    <Filter Include=".cpp">
      <UniqueIdentifier>{4b6b1ed2-2a54-497f-8b9e-5cbd3ec5e824}</UniqueIdentifier>
    </Filter>
    <Filter Include=".h">
      <UniqueIdentifier>{a03bd718-b2a7-4745-b6a4-de904375e404}</UniqueIdentifier>
    </Filter>
    <Filter Include=".dds">
      <UniqueIdentifier>{0d080645-f762-47df-997b-a41201819a60}</UniqueIdentifier>
    </Filter>
    <Filter Include=".rc">
      <UniqueIdentifier>{7ce2eb03-da12-4dfd-aed5-b173e3ae5a59}</UniqueIdentifier>
    </Filter>
    <Filter Include="PostProcessing">
      <UniqueIdentifier>{0e79459d-ceee-4ffa-b7e0-10f95da926fa}</UniqueIdentifier>
    </Filter>
    <Filter Include="DeferredShading">
      <UniqueIdentifier>{cabb2129-d845-4d41-9442-2646aca46b2b}</UniqueIdentifier>
    </Filter>
  </ItemGroup>
  <ItemGroup>
    <ResourceCompile Include="Tutorial01.rc">
      <Filter>.rc</Filter>
    </ResourceCompile>
  </ItemGroup>
</Project>